
Microsoft Visual Studio Solution File, Format Version 12.00
# Visual Studio Version 16
VisualStudioVersion = 16.0.29503.13
MinimumVisualStudioVersion = 10.0.40219.1
Project("{9A19103F-16F7-4668-BE54-9A1E7A4F7556}") = "DHD System", "DHD System\DHD System.csproj", "{63EC5151-B369-4750-98B1-BD3E2E3F306E}"
EndProject
Project("{9A19103F-16F7-4668-BE54-9A1E7A4F7556}") = "DHDSystem.Data", "DHDSystem.Data\DHDSystem.Data.csproj", "{F91468F2-95AF-429E-AACA-2C44C101C460}"
EndProject
Global
	GlobalSection(SolutionConfigurationPlatforms) = preSolution
		Debug|Any CPU = Debug|Any CPU
		Release|Any CPU = Release|Any CPU
	EndGlobalSection
	GlobalSection(ProjectConfigurationPlatforms) = postSolution
		{63EC5151-B369-4750-98B1-BD3E2E3F306E}.Debug|Any CPU.ActiveCfg = Debug|Any CPU
		{63EC5151-B369-4750-98B1-BD3E2E3F306E}.Debug|Any CPU.Build.0 = Debug|Any CPU
		{63EC5151-B369-4750-98B1-BD3E2E3F306E}.Release|Any CPU.ActiveCfg = Release|Any CPU
		{63EC5151-B369-4750-98B1-BD3E2E3F306E}.Release|Any CPU.Build.0 = Release|Any CPU
		{F91468F2-95AF-429E-AACA-2C44C101C460}.Debug|Any CPU.ActiveCfg = Debug|Any CPU
		{F91468F2-95AF-429E-AACA-2C44C101C460}.Debug|Any CPU.Build.0 = Debug|Any CPU
		{F91468F2-95AF-429E-AACA-2C44C101C460}.Release|Any CPU.ActiveCfg = Release|Any CPU
		{F91468F2-95AF-429E-AACA-2C44C101C460}.Release|Any CPU.Build.0 = Release|Any CPU
	EndGlobalSection
	GlobalSection(SolutionProperties) = preSolution
		HideSolutionNode = FALSE
	EndGlobalSection
	GlobalSection(ExtensibilityGlobals) = postSolution
		SolutionGuid = {1FC93290-39FD-4075-A0E2-858B60F38ECD}
	EndGlobalSection
EndGlobal
